{
  "name": "workthru-root",
  "version": "0.1.0-0",
  "lockfileVersion": 3,
  "requires": true,
  "packages": {
    "": {
      "name": "workthru-root",
      "version": "0.1.0-0",
      "workspaces": [
        "packages/workthru",
        "packages/pages",
        "packages/integration-test"
      ]
    },
    "node_modules/workthru": {
      "resolved": "packages/workthru",
      "link": true
    },
    "node_modules/workthru-integration-test": {
      "resolved": "packages/integration-test",
      "link": true
    },
    "node_modules/workthru-pages": {
      "resolved": "packages/pages",
      "link": true
    },
    "packages/integration-test": {
      "name": "@compulim/workthru-integration-test",
      "version": "0.0.0-0",
      "license": "MIT",
      "devDependencies": {
        "workthru": "^0.0.0-0"
      }
    },
    "packages/pages": {
      "name": "@compulim/workthru-pages",
      "version": "0.0.0-0",
      "license": "MIT",
      "devDependencies": {
        "workthru": "^0.0.0-0"
      }
    },
    "packages/workthru": {
      "name": "workthru",
      "version": "0.0.0-0",
      "license": "MIT",
      "devDependencies": {}
    }
  }
}
