{
  "name": "$package-name-root",
  "version": "0.1.0-0",
  "lockfileVersion": 3,
  "requires": true,
  "packages": {
    "": {
      "name": "$package-name-root",
      "version": "0.1.0-0",
      "workspaces": [
        "packages/$package-local-name",
        "packages/pages",
        "packages/integration-test"
      ]
    },
    "node_modules/$package-name": {
      "resolved": "packages/$package-local-name",
      "link": true
    },
    "node_modules/$package-name-integration-test": {
      "resolved": "packages/integration-test",
      "link": true
    },
    "node_modules/$package-name-pages": {
      "resolved": "packages/pages",
      "link": true
    },
    "packages/integration-test": {
      "name": "$package-name-integration-test",
      "version": "0.0.0-0",
      "license": "MIT",
      "devDependencies": {
        "$package-name": "^0.0.0-0"
      }
    },
    "packages/pages": {
      "name": "$package-name-pages",
      "version": "0.0.0-0",
      "license": "MIT",
      "devDependencies": {
        "$package-name": "^0.0.0-0"
      }
    },
    "packages/$package-local-name": {
      "name": "$package-name",
      "version": "0.0.0-0",
      "license": "MIT",
      "devDependencies": {}
    }
  }
}
